
Microsoft Visual Studio Solution File, Format Version 12.00
# Visual Studio 15
VisualStudioVersion = 15.0.28307.902
MinimumVisualStudioVersion = 10.0.40219.1
Project("{FAE04EC0-301F-11D3-BF4B-00C04F79EFBC}") = "RockPaperScissors.Android", "RockPaperScissors\RockPaperScissors.Android\RockPaperScissors.Android.csproj", "{7FF8F450-17AD-4118-9ACD-85CD5111C923}"
EndProject
Project("{FAE04EC0-301F-11D3-BF4B-00C04F79EFBC}") = "RockPaperScissors.UWP", "RockPaperScissors\RockPaperScissors.UWP\RockPaperScissors.UWP.csproj", "{CBA19EEB-223E-440B-9248-A42B5371C2FE}"
EndProject
Project("{FAE04EC0-301F-11D3-BF4B-00C04F79EFBC}") = "RockPaperScissors", "RockPaperScissors\RockPaperScissors\RockPaperScissors.csproj", "{4509FABD-BC51-4AB6-808A-D7EBB5216039}"
EndProject
Global
	GlobalSection(SolutionConfigurationPlatforms) = preSolution
		Debug|Any CPU = Debug|Any CPU
		Debug|ARM = Debug|ARM
		Debug|x64 = Debug|x64
		Debug|x86 = Debug|x86
		Release|Any CPU = Release|Any CPU
		Release|ARM = Release|ARM
		Release|x64 = Release|x64
		Release|x86 = Release|x86
	EndGlobalSection
	GlobalSection(ProjectConfigurationPlatforms) = postSolution
		{7FF8F450-17AD-4118-9ACD-85CD5111C923}.Debug|Any CPU.ActiveCfg = Debug|Any CPU
		{7FF8F450-17AD-4118-9ACD-85CD5111C923}.Debug|Any CPU.Build.0 = Debug|Any CPU
		{7FF8F450-17AD-4118-9ACD-85CD5111C923}.Debug|Any CPU.Deploy.0 = Debug|Any CPU
		{7FF8F450-17AD-4118-9ACD-85CD5111C923}.Debug|ARM.ActiveCfg = Debug|Any CPU
		{7FF8F450-17AD-4118-9ACD-85CD5111C923}.Debug|ARM.Build.0 = Debug|Any CPU
		{7FF8F450-17AD-4118-9ACD-85CD5111C923}.Debug|ARM.Deploy.0 = Debug|Any CPU
		{7FF8F450-17AD-4118-9ACD-85CD5111C923}.Debug|x64.ActiveCfg = Debug|Any CPU
		{7FF8F450-17AD-4118-9ACD-85CD5111C923}.Debug|x64.Build.0 = Debug|Any CPU
		{7FF8F450-17AD-4118-9ACD-85CD5111C923}.Debug|x64.Deploy.0 = Debug|Any CPU
		{7FF8F450-17AD-4118-9ACD-85CD5111C923}.Debug|x86.ActiveCfg = Debug|Any CPU
		{7FF8F450-17AD-4118-9ACD-85CD5111C923}.Debug|x86.Build.0 = Debug|Any CPU
		{7FF8F450-17AD-4118-9ACD-85CD5111C923}.Debug|x86.Deploy.0 = Debug|Any CPU
		{7FF8F450-17AD-4118-9ACD-85CD5111C923}.Release|Any CPU.ActiveCfg = Release|Any CPU
		{7FF8F450-17AD-4118-9ACD-85CD5111C923}.Release|Any CPU.Build.0 = Release|Any CPU
		{7FF8F450-17AD-4118-9ACD-85CD5111C923}.Release|Any CPU.Deploy.0 = Release|Any CPU
		{7FF8F450-17AD-4118-9ACD-85CD5111C923}.Release|ARM.ActiveCfg = Release|Any CPU
		{7FF8F450-17AD-4118-9ACD-85CD5111C923}.Release|ARM.Build.0 = Release|Any CPU
		{7FF8F450-17AD-4118-9ACD-85CD5111C923}.Release|ARM.Deploy.0 = Release|Any CPU
		{7FF8F450-17AD-4118-9ACD-85CD5111C923}.Release|x64.ActiveCfg = Release|Any CPU
		{7FF8F450-17AD-4118-9ACD-85CD5111C923}.Release|x64.Build.0 = Release|Any CPU
		{7FF8F450-17AD-4118-9ACD-85CD5111C923}.Release|x64.Deploy.0 = Release|Any CPU
		{7FF8F450-17AD-4118-9ACD-85CD5111C923}.Release|x86.ActiveCfg = Release|Any CPU
		{7FF8F450-17AD-4118-9ACD-85CD5111C923}.Release|x86.Build.0 = Release|Any CPU
		{7FF8F450-17AD-4118-9ACD-85CD5111C923}.Release|x86.Deploy.0 = Release|Any CPU
		{CBA19EEB-223E-440B-9248-A42B5371C2FE}.Debug|Any CPU.ActiveCfg = Debug|x86
		{CBA19EEB-223E-440B-9248-A42B5371C2FE}.Debug|Any CPU.Build.0 = Debug|x86
		{CBA19EEB-223E-440B-9248-A42B5371C2FE}.Debug|Any CPU.Deploy.0 = Debug|x86
		{CBA19EEB-223E-440B-9248-A42B5371C2FE}.Debug|ARM.ActiveCfg = Debug|ARM
		{CBA19EEB-223E-440B-9248-A42B5371C2FE}.Debug|ARM.Build.0 = Debug|ARM
		{CBA19EEB-223E-440B-9248-A42B5371C2FE}.Debug|ARM.Deploy.0 = Debug|ARM
		{CBA19EEB-223E-440B-9248-A42B5371C2FE}.Debug|x64.ActiveCfg = Debug|x64
		{CBA19EEB-223E-440B-9248-A42B5371C2FE}.Debug|x64.Build.0 = Debug|x64
		{CBA19EEB-223E-440B-9248-A42B5371C2FE}.Debug|x64.Deploy.0 = Debug|x64
		{CBA19EEB-223E-440B-9248-A42B5371C2FE}.Debug|x86.ActiveCfg = Debug|x86
		{CBA19EEB-223E-440B-9248-A42B5371C2FE}.Debug|x86.Build.0 = Debug|x86
		{CBA19EEB-223E-440B-9248-A42B5371C2FE}.Debug|x86.Deploy.0 = Debug|x86
		{CBA19EEB-223E-440B-9248-A42B5371C2FE}.Release|Any CPU.ActiveCfg = Release|x86
		{CBA19EEB-223E-440B-9248-A42B5371C2FE}.Release|Any CPU.Build.0 = Release|x86
		{CBA19EEB-223E-440B-9248-A42B5371C2FE}.Release|Any CPU.Deploy.0 = Release|x86
		{CBA19EEB-223E-440B-9248-A42B5371C2FE}.Release|ARM.ActiveCfg = Release|ARM
		{CBA19EEB-223E-440B-9248-A42B5371C2FE}.Release|ARM.Build.0 = Release|ARM
		{CBA19EEB-223E-440B-9248-A42B5371C2FE}.Release|ARM.Deploy.0 = Release|ARM
		{CBA19EEB-223E-440B-9248-A42B5371C2FE}.Release|x64.ActiveCfg = Release|x64
		{CBA19EEB-223E-440B-9248-A42B5371C2FE}.Release|x64.Build.0 = Release|x64
		{CBA19EEB-223E-440B-9248-A42B5371C2FE}.Release|x64.Deploy.0 = Release|x64
		{CBA19EEB-223E-440B-9248-A42B5371C2FE}.Release|x86.ActiveCfg = Release|x86
		{CBA19EEB-223E-440B-9248-A42B5371C2FE}.Release|x86.Build.0 = Release|x86
		{CBA19EEB-223E-440B-9248-A42B5371C2FE}.Release|x86.Deploy.0 = Release|x86
		{4509FABD-BC51-4AB6-808A-D7EBB5216039}.Debug|Any CPU.ActiveCfg = Debug|Any CPU
		{4509FABD-BC51-4AB6-808A-D7EBB5216039}.Debug|Any CPU.Build.0 = Debug|Any CPU
		{4509FABD-BC51-4AB6-808A-D7EBB5216039}.Debug|Any CPU.Deploy.0 = Debug|Any CPU
		{4509FABD-BC51-4AB6-808A-D7EBB5216039}.Debug|ARM.ActiveCfg = Debug|Any CPU
		{4509FABD-BC51-4AB6-808A-D7EBB5216039}.Debug|ARM.Build.0 = Debug|Any CPU
		{4509FABD-BC51-4AB6-808A-D7EBB5216039}.Debug|ARM.Deploy.0 = Debug|Any CPU
		{4509FABD-BC51-4AB6-808A-D7EBB5216039}.Debug|x64.ActiveCfg = Debug|Any CPU
		{4509FABD-BC51-4AB6-808A-D7EBB5216039}.Debug|x64.Build.0 = Debug|Any CPU
		{4509FABD-BC51-4AB6-808A-D7EBB5216039}.Debug|x64.Deploy.0 = Debug|Any CPU
		{4509FABD-BC51-4AB6-808A-D7EBB5216039}.Debug|x86.ActiveCfg = Debug|Any CPU
		{4509FABD-BC51-4AB6-808A-D7EBB5216039}.Debug|x86.Build.0 = Debug|Any CPU
		{4509FABD-BC51-4AB6-808A-D7EBB5216039}.Debug|x86.Deploy.0 = Debug|Any CPU
		{4509FABD-BC51-4AB6-808A-D7EBB5216039}.Release|Any CPU.ActiveCfg = Release|Any CPU
		{4509FABD-BC51-4AB6-808A-D7EBB5216039}.Release|Any CPU.Build.0 = Release|Any CPU
		{4509FABD-BC51-4AB6-808A-D7EBB5216039}.Release|Any CPU.Deploy.0 = Release|Any CPU
		{4509FABD-BC51-4AB6-808A-D7EBB5216039}.Release|ARM.ActiveCfg = Release|Any CPU
		{4509FABD-BC51-4AB6-808A-D7EBB5216039}.Release|ARM.Build.0 = Release|Any CPU
		{4509FABD-BC51-4AB6-808A-D7EBB5216039}.Release|ARM.Deploy.0 = Release|Any CPU
		{4509FABD-BC51-4AB6-808A-D7EBB5216039}.Release|x64.ActiveCfg = Release|Any CPU
		{4509FABD-BC51-4AB6-808A-D7EBB5216039}.Release|x64.Build.0 = Release|Any CPU
		{4509FABD-BC51-4AB6-808A-D7EBB5216039}.Release|x64.Deploy.0 = Release|Any CPU
		{4509FABD-BC51-4AB6-808A-D7EBB5216039}.Release|x86.ActiveCfg = Release|Any CPU
		{4509FABD-BC51-4AB6-808A-D7EBB5216039}.Release|x86.Build.0 = Release|Any CPU
		{4509FABD-BC51-4AB6-808A-D7EBB5216039}.Release|x86.Deploy.0 = Release|Any CPU
	EndGlobalSection
	GlobalSection(SolutionProperties) = preSolution
		HideSolutionNode = FALSE
	EndGlobalSection
	GlobalSection(ExtensibilityGlobals) = postSolution
		SolutionGuid = {83E43228-01E8-4E09-9E7A-4FBE025C3DF5}
	EndGlobalSection
EndGlobal
